{
  "name": "es6learning",
  "version": "1.0.0",
  "lockfileVersion": 1,
  "requires": true,
  "dependencies": {
    "build-url": {
      "version": "1.3.1",
      "resolved": "https://registry.npmjs.org/build-url/-/build-url-1.3.1.tgz",
      "integrity": "sha512-G45VmLsojWFjnKKqZhpxJyZo+wx/iyv3u2eTLF/8ksaLJ7D4+61ykf9NxJWqbOFXYgxUDm9ccOM88BhVaTDnmQ=="
    },
    "node-fetch": {
      "version": "2.2.0",
      "resolved": "https://registry.npmjs.org/node-fetch/-/node-fetch-2.2.0.tgz",
      "integrity": "sha512-OayFWziIxiHY8bCUyLX6sTpDH8Jsbp4FfYd1j1f7vZyfgkcOnAyM4oQR16f8a0s7Gl/viMGRey8eScYk4V4EZA=="
    },
    "nodepath": {
      "version": "0.0.1",
      "resolved": "https://registry.npmjs.org/nodepath/-/nodepath-0.0.1.tgz",
      "integrity": "sha1-TARUrtBKWpk4x1qOHVQCoieiQqE="
    },
    "path-parse": {
      "version": "1.0.6",
      "resolved": "https://registry.npmjs.org/path-parse/-/path-parse-1.0.6.tgz",
      "integrity": "sha512-GSmOT2EbHrINBf9SR7CDELwlJ8AENk3Qn7OikK4nFYAu3Ote2+JYNVvkpAEQm3/TLNEJFD/xZJjzyxg3KBWOzw=="
    }
  }
}
